
Microsoft Visual Studio Solution File, Format Version 12.00
# Visual Studio Version 17
VisualStudioVersion = 17.8.34316.72
MinimumVisualStudioVersion = 10.0.40219.1
Project("{FAE04EC0-301F-11D3-BF4B-00C04F79EFBC}") = "WebApiApplication", "WebApiApplication.csproj", "{FE690D40-850F-451D-9CFB-DB5CC1B76ACA}"
EndProject
Global
	GlobalSection(SolutionConfigurationPlatforms) = preSolution
		Debug|Any CPU = Debug|Any CPU
		Release|Any CPU = Release|Any CPU
	EndGlobalSection
	GlobalSection(ProjectConfigurationPlatforms) = postSolution
		{FE690D40-850F-451D-9CFB-DB5CC1B76ACA}.Debug|Any CPU.ActiveCfg = Debug|Any CPU
		{FE690D40-850F-451D-9CFB-DB5CC1B76ACA}.Debug|Any CPU.Build.0 = Debug|Any CPU
		{FE690D40-850F-451D-9CFB-DB5CC1B76ACA}.Release|Any CPU.ActiveCfg = Release|Any CPU
		{FE690D40-850F-451D-9CFB-DB5CC1B76ACA}.Release|Any CPU.Build.0 = Release|Any CPU
	EndGlobalSection
	GlobalSection(SolutionProperties) = preSolution
		HideSolutionNode = FALSE
	EndGlobalSection
	GlobalSection(ExtensibilityGlobals) = postSolution
		SolutionGuid = {5C114968-E179-4C1D-9D23-4F8401D5F4D8}
	EndGlobalSection
EndGlobal
